{
  "nodes": {
    "devenv": {
      "locked": {
        "dir": "src/modules",
        "lastModified": 1779303056,
        "narHash": "sha256-+DJSNTtrdUb5yelcKp8fa5aITlg050701WCOJt0oMtI=",
        "owner": "cachix",
        "repo": "devenv",
        "rev": "0d0be23517b92cbcedd95a0dbb6f735deae9b38c",
        "type": "github"
      },
      "original": {
        "dir": "src/modules",
        "owner": "cachix",
        "repo": "devenv",
        "type": "github"
      }
    },
    "devenv-module-devcontainer": {
      "flake": false,
      "locked": {
        "lastModified": 1778156519,
        "narHash": "sha256-F2e14zNW91DHJ2idAiUmnPrxAPlkV5PCfsaj+hBKXzg=",
        "owner": "vasara-bpm",
        "repo": "devenv-module-devcontainer",
        "rev": "72e181b3a35559ab722a6e57b723dc86364af5b1",
        "type": "gitlab"
      },
      "original": {
        "owner": "vasara-bpm",
        "repo": "devenv-module-devcontainer",
        "type": "gitlab"
      }
    },
    "devenv-module-devcontainer-nixpkgs": {
      "locked": {
        "lastModified": 1779259093,
        "narHash": "sha256-7DKWmH23hL2eYdkxCKeqj2i+yljTKuU+3Nk1UPHOnxc=",
        "owner": "nixos",
        "repo": "nixpkgs",
        "rev": "d99b013d5d1931ad77fe3912ed218170dec5d9a4",
        "type": "github"
      },
      "original": {
        "owner": "nixos",
        "ref": "nixpkgs-unstable",
        "repo": "nixpkgs",
        "type": "github"
      }
    },
    "devenv-module-operaton": {
      "inputs": {
        "flake-utils": "flake-utils",
        "mvn2nix": "mvn2nix",
        "nixpkgs": "nixpkgs_2"
      },
      "locked": {
        "lastModified": 1779356591,
        "narHash": "sha256-6x0Dh6uYjnH/Eh9+TVm32+7MSgH9NHYOkO61HfLeAFg=",
        "owner": "vasara-bpm",
        "repo": "devenv-module-operaton",
        "rev": "0d13555b65e00a95faefe75a63f4dd3f5eb77cf0",
        "type": "gitlab"
      },
      "original": {
        "owner": "vasara-bpm",
        "repo": "devenv-module-operaton",
        "type": "gitlab"
      }
    },
    "flake-utils": {
      "inputs": {
        "systems": "systems"
      },
      "locked": {
        "lastModified": 1731533236,
        "narHash": "sha256-l0KFg5HjrsfsO/JpG+r7fRrqm12kzFHyUHqHCVpMMbI=",
        "owner": "numtide",
        "repo": "flake-utils",
        "rev": "11707dc2f618dd54ca8739b309ec4fc024de578b",
        "type": "github"
      },
      "original": {
        "owner": "numtide",
        "repo": "flake-utils",
        "type": "github"
      }
    },
    "mvn2nix": {
      "inputs": {
        "nixpkgs": "nixpkgs",
        "utils": "utils"
      },
      "locked": {
        "lastModified": 1733432698,
        "narHash": "sha256-XuDOJGLQgMlq1TrB8r3rLNubW4xS3GPfkrBBi61qb5k=",
        "owner": "vasara-bpm",
        "repo": "mvn2nix",
        "rev": "19b9ed3b403b1da02650587f6b1fc74381446b1e",
        "type": "gitlab"
      },
      "original": {
        "owner": "vasara-bpm",
        "repo": "mvn2nix",
        "type": "gitlab"
      }
    },
    "nixpkgs": {
      "locked": {
        "lastModified": 1733212471,
        "narHash": "sha256-M1+uCoV5igihRfcUKrr1riygbe73/dzNnzPsmaLCmpo=",
        "owner": "NixOS",
        "repo": "nixpkgs",
        "rev": "55d15ad12a74eb7d4646254e13638ad0c4128776",
        "type": "github"
      },
      "original": {
        "owner": "NixOS",
        "ref": "nixos-unstable",
        "repo": "nixpkgs",
        "type": "github"
      }
    },
    "nixpkgs_2": {
      "locked": {
        "lastModified": 1771208521,
        "narHash": "sha256-X01Q3DgSpjeBpapoGA4rzKOn25qdKxbPnxHeMLNoHTU=",
        "owner": "NixOS",
        "repo": "nixpkgs",
        "rev": "fa56d7d6de78f5a7f997b0ea2bc6efd5868ad9e8",
        "type": "github"
      },
      "original": {
        "owner": "NixOS",
        "ref": "nixos-25.11",
        "repo": "nixpkgs",
        "type": "github"
      }
    },
    "nixpkgs_3": {
      "locked": {
        "lastModified": 1779356638,
        "narHash": "sha256-bn6rxKPlcoUvDlVsaC0h+dvKOl6IRmn1ABT85TiLv7c=",
        "owner": "nixos",
        "repo": "nixpkgs",
        "rev": "64d83f2b8c6efbbc41e94ebb146a3e92b347e0a5",
        "type": "github"
      },
      "original": {
        "owner": "nixos",
        "ref": "master",
        "repo": "nixpkgs",
        "type": "github"
      }
    },
    "root": {
      "inputs": {
        "devenv": "devenv",
        "devenv-module-devcontainer": "devenv-module-devcontainer",
        "devenv-module-devcontainer-nixpkgs": "devenv-module-devcontainer-nixpkgs",
        "devenv-module-operaton": "devenv-module-operaton",
        "nixpkgs": "nixpkgs_3"
      }
    },
    "systems": {
      "locked": {
        "lastModified": 1681028828,
        "narHash": "sha256-Vy1rq5AaRuLzOxct8nz4T6wlgyUR7zLU309k9mBC768=",
        "owner": "nix-systems",
        "repo": "default",
        "rev": "da67096a3b9bf56a91d16901293e51ba5b49a27e",
        "type": "github"
      },
      "original": {
        "owner": "nix-systems",
        "repo": "default",
        "type": "github"
      }
    },
    "systems_2": {
      "locked": {
        "lastModified": 1681028828,
        "narHash": "sha256-Vy1rq5AaRuLzOxct8nz4T6wlgyUR7zLU309k9mBC768=",
        "owner": "nix-systems",
        "repo": "default",
        "rev": "da67096a3b9bf56a91d16901293e51ba5b49a27e",
        "type": "github"
      },
      "original": {
        "owner": "nix-systems",
        "repo": "default",
        "type": "github"
      }
    },
    "utils": {
      "inputs": {
        "systems": "systems_2"
      },
      "locked": {
        "lastModified": 1731533236,
        "narHash": "sha256-l0KFg5HjrsfsO/JpG+r7fRrqm12kzFHyUHqHCVpMMbI=",
        "owner": "numtide",
        "repo": "flake-utils",
        "rev": "11707dc2f618dd54ca8739b309ec4fc024de578b",
        "type": "github"
      },
      "original": {
        "owner": "numtide",
        "repo": "flake-utils",
        "type": "github"
      }
    }
  },
  "root": "root",
  "version": 7
}