{
  "nodes": {
    "devenv": {
      "locked": {
        "dir": "src/modules",
        "lastModified": 1773077419,
        "narHash": "sha256-Vr3Zrg4DEm4xy0StawiTEUs8TXruj1WdRZyDhlq1aPg=",
        "owner": "cachix",
        "repo": "devenv",
        "rev": "2105b1a0272e32b0d6a9e213b1c381ab4ae4a692",
        "type": "github"
      },
      "original": {
        "dir": "src/modules",
        "owner": "cachix",
        "repo": "devenv",
        "type": "github"
      }
    },
    "devenv-module-devcontainer": {
      "flake": false,
      "locked": {
        "lastModified": 1772985947,
        "narHash": "sha256-Ie4wWxbg5hFkPUyoBqJLIDVPQfBVrgGVKrkbT6qLLYs=",
        "owner": "datakurre",
        "repo": "devenv-module-devcontainer",
        "rev": "bde2966fda08382e4e3405ac1af55ee22ef75eb3",
        "type": "github"
      },
      "original": {
        "owner": "datakurre",
        "repo": "devenv-module-devcontainer",
        "type": "github"
      }
    },
    "devenv-module-operaton": {
      "inputs": {
        "flake-utils": "flake-utils",
        "mvn2nix": "mvn2nix",
        "nixpkgs": "nixpkgs_2"
      },
      "locked": {
        "lastModified": 1772127163,
        "narHash": "sha256-K00z+fHlj413Ubza3jlzM1fe97gE8DMizEVta6ApUP8=",
        "owner": "vasara-bpm",
        "repo": "devenv-module-operaton",
        "rev": "a69d1f3d8e02d9313fb8076451778245416a59fc",
        "type": "gitlab"
      },
      "original": {
        "owner": "vasara-bpm",
        "repo": "devenv-module-operaton",
        "type": "gitlab"
      }
    },
    "flake-utils": {
      "inputs": {
        "systems": "systems"
      },
      "locked": {
        "lastModified": 1731533236,
        "narHash": "sha256-l0KFg5HjrsfsO/JpG+r7fRrqm12kzFHyUHqHCVpMMbI=",
        "owner": "numtide",
        "repo": "flake-utils",
        "rev": "11707dc2f618dd54ca8739b309ec4fc024de578b",
        "type": "github"
      },
      "original": {
        "owner": "numtide",
        "repo": "flake-utils",
        "type": "github"
      }
    },
    "mvn2nix": {
      "inputs": {
        "nixpkgs": "nixpkgs",
        "utils": "utils"
      },
      "locked": {
        "lastModified": 1733432698,
        "narHash": "sha256-XuDOJGLQgMlq1TrB8r3rLNubW4xS3GPfkrBBi61qb5k=",
        "owner": "vasara-bpm",
        "repo": "mvn2nix",
        "rev": "19b9ed3b403b1da02650587f6b1fc74381446b1e",
        "type": "gitlab"
      },
      "original": {
        "owner": "vasara-bpm",
        "repo": "mvn2nix",
        "type": "gitlab"
      }
    },
    "nixpkgs": {
      "locked": {
        "lastModified": 1733212471,
        "narHash": "sha256-M1+uCoV5igihRfcUKrr1riygbe73/dzNnzPsmaLCmpo=",
        "owner": "NixOS",
        "repo": "nixpkgs",
        "rev": "55d15ad12a74eb7d4646254e13638ad0c4128776",
        "type": "github"
      },
      "original": {
        "owner": "NixOS",
        "ref": "nixos-unstable",
        "repo": "nixpkgs",
        "type": "github"
      }
    },
    "nixpkgs_2": {
      "locked": {
        "lastModified": 1771208521,
        "narHash": "sha256-X01Q3DgSpjeBpapoGA4rzKOn25qdKxbPnxHeMLNoHTU=",
        "owner": "NixOS",
        "repo": "nixpkgs",
        "rev": "fa56d7d6de78f5a7f997b0ea2bc6efd5868ad9e8",
        "type": "github"
      },
      "original": {
        "owner": "NixOS",
        "ref": "nixos-25.11",
        "repo": "nixpkgs",
        "type": "github"
      }
    },
    "nixpkgs_3": {
      "locked": {
        "lastModified": 1773146873,
        "narHash": "sha256-/vE3KpMsKrJzBRJXL7pxyHF9qp7QQS24i7D0wzRSWZE=",
        "owner": "nixos",
        "repo": "nixpkgs",
        "rev": "9f09a3f274aa7e65d4f4d2fb46773d1a5b2a99d1",
        "type": "github"
      },
      "original": {
        "owner": "nixos",
        "ref": "master",
        "repo": "nixpkgs",
        "type": "github"
      }
    },
    "root": {
      "inputs": {
        "devenv": "devenv",
        "devenv-module-devcontainer": "devenv-module-devcontainer",
        "devenv-module-operaton": "devenv-module-operaton",
        "nixpkgs": "nixpkgs_3"
      }
    },
    "systems": {
      "locked": {
        "lastModified": 1681028828,
        "narHash": "sha256-Vy1rq5AaRuLzOxct8nz4T6wlgyUR7zLU309k9mBC768=",
        "owner": "nix-systems",
        "repo": "default",
        "rev": "da67096a3b9bf56a91d16901293e51ba5b49a27e",
        "type": "github"
      },
      "original": {
        "owner": "nix-systems",
        "repo": "default",
        "type": "github"
      }
    },
    "systems_2": {
      "locked": {
        "lastModified": 1681028828,
        "narHash": "sha256-Vy1rq5AaRuLzOxct8nz4T6wlgyUR7zLU309k9mBC768=",
        "owner": "nix-systems",
        "repo": "default",
        "rev": "da67096a3b9bf56a91d16901293e51ba5b49a27e",
        "type": "github"
      },
      "original": {
        "owner": "nix-systems",
        "repo": "default",
        "type": "github"
      }
    },
    "utils": {
      "inputs": {
        "systems": "systems_2"
      },
      "locked": {
        "lastModified": 1731533236,
        "narHash": "sha256-l0KFg5HjrsfsO/JpG+r7fRrqm12kzFHyUHqHCVpMMbI=",
        "owner": "numtide",
        "repo": "flake-utils",
        "rev": "11707dc2f618dd54ca8739b309ec4fc024de578b",
        "type": "github"
      },
      "original": {
        "owner": "numtide",
        "repo": "flake-utils",
        "type": "github"
      }
    }
  },
  "root": "root",
  "version": 7
}